PODS:
  - FlutterMacOS (1.0.0)
  - rcldart (0.0.1):
    - FlutterMacOS

DEPENDENCIES:
  - FlutterMacOS (from `Flutter/ephemeral`)
  - rcldart (from `Flutter/ephemeral/.symlinks/plugins/rcldart/macos`)

EXTERNAL SOURCES:
  FlutterMacOS:
    :path: Flutter/ephemeral
  rcldart:
    :path: Flutter/ephemeral/.symlinks/plugins/rcldart/macos

SPEC CHECKSUMS:
  FlutterMacOS: 8f6f14fa908a6fb3fba0cd85dbd81ec4b251fb24
  rcldart: a7a2e5cfd191dc24cd82f3df672ad6d3645ab5cf

PODFILE CHECKSUM: 236401fc2c932af29a9fcf0e97baeeb2d750d367

COCOAPODS: 1.15.2
